
Microsoft Visual Studio Solution File, Format Version 12.00
# Visual Studio Version 17
VisualStudioVersion = 17.5.002.0
MinimumVisualStudioVersion = 10.0.40219.1
Project("{2150E333-8FDC-42A3-9474-1A3956D46DE8}") = "sandbox", "sandbox", "{E9B74BC5-B05A-412D-BC02-0667B1C0C922}"
EndProject
Project("{9A19103F-16F7-4668-BE54-9A1E7A4F7556}") = "sandbox_project", "sandbox\sandbox_project\sandbox_project.csproj", "{B5010D94-37AD-4DF0-8C04-C9992FFB5F81}"
EndProject
Project("{2150E333-8FDC-42A3-9474-1A3956D46DE8}") = "week01", "week01", "{B9D4C5DC-C96E-4390-97C5-7576AD5116C8}"
EndProject
Project("{9A19103F-16F7-4668-BE54-9A1E7A4F7556}") = "analyze", "week01\analyze\analyze.csproj", "{946801A3-F5EF-4F5F-B0A4-4DC82515C422}"
EndProject
Project("{9A19103F-16F7-4668-BE54-9A1E7A4F7556}") = "code", "week01\code\code.csproj", "{18C54A5A-A620-4796-B8AC-4E13EF01BC42}"
EndProject
Project("{9A19103F-16F7-4668-BE54-9A1E7A4F7556}") = "teach", "week01\teach\teach.csproj", "{C2660658-07C8-49DA-A462-0353E6404365}"
EndProject
Project("{2150E333-8FDC-42A3-9474-1A3956D46DE8}") = "week02", "week02", "{62D8EA5B-E7AB-4E43-9DB8-5B5C0C94F436}"
EndProject
Project("{9A19103F-16F7-4668-BE54-9A1E7A4F7556}") = "analyze", "week02\analyze\analyze.csproj", "{1B8780C9-2C9E-4CAB-9DF6-11E796FC55D7}"
EndProject
Project("{9A19103F-16F7-4668-BE54-9A1E7A4F7556}") = "code", "week02\code\code.csproj", "{EC0EB997-2603-450E-8008-B36EC3ABF37B}"
EndProject
Project("{9A19103F-16F7-4668-BE54-9A1E7A4F7556}") = "learn", "week02\learn\learn.csproj", "{DCE9188B-7FDB-4FA5-8DF3-6406A6C4F867}"
EndProject
Project("{9A19103F-16F7-4668-BE54-9A1E7A4F7556}") = "teach", "week02\teach\teach.csproj", "{81A6F868-C8CD-4FAA-85B2-6D784F9FE809}"
EndProject
Project("{2150E333-8FDC-42A3-9474-1A3956D46DE8}") = "week03", "week03", "{61D52022-D6AB-414B-B77E-4A00F06D7E3B}"
EndProject
Project("{9A19103F-16F7-4668-BE54-9A1E7A4F7556}") = "code", "week03\code\code.csproj", "{65264D8B-2358-41ED-82A7-4C1EF5AC5234}"
EndProject
Project("{9A19103F-16F7-4668-BE54-9A1E7A4F7556}") = "learn", "week03\learn\learn.csproj", "{2B899056-A925-4E05-B0AA-E6E92BD5CAFD}"
EndProject
Project("{9A19103F-16F7-4668-BE54-9A1E7A4F7556}") = "teach", "week03\teach\teach.csproj", "{FA9D104C-6ABC-4AEE-B9D3-43C7E917A651}"
EndProject
Project("{2150E333-8FDC-42A3-9474-1A3956D46DE8}") = "week04", "week04", "{EAA9B33E-CC21-4962-BD11-0DAA896A481C}"
EndProject
Project("{9A19103F-16F7-4668-BE54-9A1E7A4F7556}") = "code", "week04\code\code.csproj", "{B8C5F787-FB16-4502-A768-D64A0C6B3CA5}"
EndProject
Project("{2150E333-8FDC-42A3-9474-1A3956D46DE8}") = "week05", "week05", "{178D9D9A-6B51-46B3-A148-531BBEB4350F}"
EndProject
Project("{9A19103F-16F7-4668-BE54-9A1E7A4F7556}") = "code", "week05\code\code.csproj", "{2750E679-2529-4680-A100-5DE471C377B1}"
EndProject
Project("{2150E333-8FDC-42A3-9474-1A3956D46DE8}") = "week06", "week06", "{54968D43-B1C7-4D2F-930B-D20C4B08995E}"
EndProject
Project("{9A19103F-16F7-4668-BE54-9A1E7A4F7556}") = "code", "week06\code\code.csproj", "{40DB08AD-4A06-4681-96F6-EEDCE1EEF03E}"
EndProject
Global
	GlobalSection(SolutionConfigurationPlatforms) = preSolution
		Debug|Any CPU = Debug|Any CPU
		Release|Any CPU = Release|Any CPU
	EndGlobalSection
	GlobalSection(ProjectConfigurationPlatforms) = postSolution
		{B5010D94-37AD-4DF0-8C04-C9992FFB5F81}.Debug|Any CPU.ActiveCfg = Debug|Any CPU
		{B5010D94-37AD-4DF0-8C04-C9992FFB5F81}.Debug|Any CPU.Build.0 = Debug|Any CPU
		{B5010D94-37AD-4DF0-8C04-C9992FFB5F81}.Release|Any CPU.ActiveCfg = Release|Any CPU
		{B5010D94-37AD-4DF0-8C04-C9992FFB5F81}.Release|Any CPU.Build.0 = Release|Any CPU
		{946801A3-F5EF-4F5F-B0A4-4DC82515C422}.Debug|Any CPU.ActiveCfg = Debug|Any CPU
		{946801A3-F5EF-4F5F-B0A4-4DC82515C422}.Debug|Any CPU.Build.0 = Debug|Any CPU
		{946801A3-F5EF-4F5F-B0A4-4DC82515C422}.Release|Any CPU.ActiveCfg = Release|Any CPU
		{946801A3-F5EF-4F5F-B0A4-4DC82515C422}.Release|Any CPU.Build.0 = Release|Any CPU
		{18C54A5A-A620-4796-B8AC-4E13EF01BC42}.Debug|Any CPU.ActiveCfg = Debug|Any CPU
		{18C54A5A-A620-4796-B8AC-4E13EF01BC42}.Debug|Any CPU.Build.0 = Debug|Any CPU
		{18C54A5A-A620-4796-B8AC-4E13EF01BC42}.Release|Any CPU.ActiveCfg = Release|Any CPU
		{18C54A5A-A620-4796-B8AC-4E13EF01BC42}.Release|Any CPU.Build.0 = Release|Any CPU
		{C2660658-07C8-49DA-A462-0353E6404365}.Debug|Any CPU.ActiveCfg = Debug|Any CPU
		{C2660658-07C8-49DA-A462-0353E6404365}.Debug|Any CPU.Build.0 = Debug|Any CPU
		{C2660658-07C8-49DA-A462-0353E6404365}.Release|Any CPU.ActiveCfg = Release|Any CPU
		{C2660658-07C8-49DA-A462-0353E6404365}.Release|Any CPU.Build.0 = Release|Any CPU
		{1B8780C9-2C9E-4CAB-9DF6-11E796FC55D7}.Debug|Any CPU.ActiveCfg = Debug|Any CPU
		{1B8780C9-2C9E-4CAB-9DF6-11E796FC55D7}.Debug|Any CPU.Build.0 = Debug|Any CPU
		{1B8780C9-2C9E-4CAB-9DF6-11E796FC55D7}.Release|Any CPU.ActiveCfg = Release|Any CPU
		{1B8780C9-2C9E-4CAB-9DF6-11E796FC55D7}.Release|Any CPU.Build.0 = Release|Any CPU
		{EC0EB997-2603-450E-8008-B36EC3ABF37B}.Debug|Any CPU.ActiveCfg = Debug|Any CPU
		{EC0EB997-2603-450E-8008-B36EC3ABF37B}.Debug|Any CPU.Build.0 = Debug|Any CPU
		{EC0EB997-2603-450E-8008-B36EC3ABF37B}.Release|Any CPU.ActiveCfg = Release|Any CPU
		{EC0EB997-2603-450E-8008-B36EC3ABF37B}.Release|Any CPU.Build.0 = Release|Any CPU
		{DCE9188B-7FDB-4FA5-8DF3-6406A6C4F867}.Debug|Any CPU.ActiveCfg = Debug|Any CPU
		{DCE9188B-7FDB-4FA5-8DF3-6406A6C4F867}.Debug|Any CPU.Build.0 = Debug|Any CPU
		{DCE9188B-7FDB-4FA5-8DF3-6406A6C4F867}.Release|Any CPU.ActiveCfg = Release|Any CPU
		{DCE9188B-7FDB-4FA5-8DF3-6406A6C4F867}.Release|Any CPU.Build.0 = Release|Any CPU
		{81A6F868-C8CD-4FAA-85B2-6D784F9FE809}.Debug|Any CPU.ActiveCfg = Debug|Any CPU
		{81A6F868-C8CD-4FAA-85B2-6D784F9FE809}.Debug|Any CPU.Build.0 = Debug|Any CPU
		{81A6F868-C8CD-4FAA-85B2-6D784F9FE809}.Release|Any CPU.ActiveCfg = Release|Any CPU
		{81A6F868-C8CD-4FAA-85B2-6D784F9FE809}.Release|Any CPU.Build.0 = Release|Any CPU
		{65264D8B-2358-41ED-82A7-4C1EF5AC5234}.Debug|Any CPU.ActiveCfg = Debug|Any CPU
		{65264D8B-2358-41ED-82A7-4C1EF5AC5234}.Debug|Any CPU.Build.0 = Debug|Any CPU
		{65264D8B-2358-41ED-82A7-4C1EF5AC5234}.Release|Any CPU.ActiveCfg = Release|Any CPU
		{65264D8B-2358-41ED-82A7-4C1EF5AC5234}.Release|Any CPU.Build.0 = Release|Any CPU
		{2B899056-A925-4E05-B0AA-E6E92BD5CAFD}.Debug|Any CPU.ActiveCfg = Debug|Any CPU
		{2B899056-A925-4E05-B0AA-E6E92BD5CAFD}.Debug|Any CPU.Build.0 = Debug|Any CPU
		{2B899056-A925-4E05-B0AA-E6E92BD5CAFD}.Release|Any CPU.ActiveCfg = Release|Any CPU
		{2B899056-A925-4E05-B0AA-E6E92BD5CAFD}.Release|Any CPU.Build.0 = Release|Any CPU
		{FA9D104C-6ABC-4AEE-B9D3-43C7E917A651}.Debug|Any CPU.ActiveCfg = Debug|Any CPU
		{FA9D104C-6ABC-4AEE-B9D3-43C7E917A651}.Debug|Any CPU.Build.0 = Debug|Any CPU
		{FA9D104C-6ABC-4AEE-B9D3-43C7E917A651}.Release|Any CPU.ActiveCfg = Release|Any CPU
		{FA9D104C-6ABC-4AEE-B9D3-43C7E917A651}.Release|Any CPU.Build.0 = Release|Any CPU
		{B8C5F787-FB16-4502-A768-D64A0C6B3CA5}.Debug|Any CPU.ActiveCfg = Debug|Any CPU
		{B8C5F787-FB16-4502-A768-D64A0C6B3CA5}.Debug|Any CPU.Build.0 = Debug|Any CPU
		{B8C5F787-FB16-4502-A768-D64A0C6B3CA5}.Release|Any CPU.ActiveCfg = Release|Any CPU
		{B8C5F787-FB16-4502-A768-D64A0C6B3CA5}.Release|Any CPU.Build.0 = Release|Any CPU
		{2750E679-2529-4680-A100-5DE471C377B1}.Debug|Any CPU.ActiveCfg = Debug|Any CPU
		{2750E679-2529-4680-A100-5DE471C377B1}.Debug|Any CPU.Build.0 = Debug|Any CPU
		{2750E679-2529-4680-A100-5DE471C377B1}.Release|Any CPU.ActiveCfg = Release|Any CPU
		{2750E679-2529-4680-A100-5DE471C377B1}.Release|Any CPU.Build.0 = Release|Any CPU
		{40DB08AD-4A06-4681-96F6-EEDCE1EEF03E}.Debug|Any CPU.ActiveCfg = Debug|Any CPU
		{40DB08AD-4A06-4681-96F6-EEDCE1EEF03E}.Debug|Any CPU.Build.0 = Debug|Any CPU
		{40DB08AD-4A06-4681-96F6-EEDCE1EEF03E}.Release|Any CPU.ActiveCfg = Release|Any CPU
		{40DB08AD-4A06-4681-96F6-EEDCE1EEF03E}.Release|Any CPU.Build.0 = Release|Any CPU
	EndGlobalSection
	GlobalSection(SolutionProperties) = preSolution
		HideSolutionNode = FALSE
	EndGlobalSection
	GlobalSection(NestedProjects) = preSolution
		{B5010D94-37AD-4DF0-8C04-C9992FFB5F81} = {E9B74BC5-B05A-412D-BC02-0667B1C0C922}
		{946801A3-F5EF-4F5F-B0A4-4DC82515C422} = {B9D4C5DC-C96E-4390-97C5-7576AD5116C8}
		{18C54A5A-A620-4796-B8AC-4E13EF01BC42} = {B9D4C5DC-C96E-4390-97C5-7576AD5116C8}
		{C2660658-07C8-49DA-A462-0353E6404365} = {B9D4C5DC-C96E-4390-97C5-7576AD5116C8}
		{1B8780C9-2C9E-4CAB-9DF6-11E796FC55D7} = {62D8EA5B-E7AB-4E43-9DB8-5B5C0C94F436}
		{EC0EB997-2603-450E-8008-B36EC3ABF37B} = {62D8EA5B-E7AB-4E43-9DB8-5B5C0C94F436}
		{DCE9188B-7FDB-4FA5-8DF3-6406A6C4F867} = {62D8EA5B-E7AB-4E43-9DB8-5B5C0C94F436}
		{81A6F868-C8CD-4FAA-85B2-6D784F9FE809} = {62D8EA5B-E7AB-4E43-9DB8-5B5C0C94F436}
		{65264D8B-2358-41ED-82A7-4C1EF5AC5234} = {61D52022-D6AB-414B-B77E-4A00F06D7E3B}
		{2B899056-A925-4E05-B0AA-E6E92BD5CAFD} = {61D52022-D6AB-414B-B77E-4A00F06D7E3B}
		{FA9D104C-6ABC-4AEE-B9D3-43C7E917A651} = {61D52022-D6AB-414B-B77E-4A00F06D7E3B}
		{B8C5F787-FB16-4502-A768-D64A0C6B3CA5} = {EAA9B33E-CC21-4962-BD11-0DAA896A481C}
		{2750E679-2529-4680-A100-5DE471C377B1} = {178D9D9A-6B51-46B3-A148-531BBEB4350F}
		{40DB08AD-4A06-4681-96F6-EEDCE1EEF03E} = {54968D43-B1C7-4D2F-930B-D20C4B08995E}
	EndGlobalSection
	GlobalSection(ExtensibilityGlobals) = postSolution
		SolutionGuid = {26599EC2-543C-4129-8A2A-80644033BF56}
	EndGlobalSection
EndGlobal
